Microsoft Visual Studio Solution File, Format Version 12.00
# Visual Studio Version 17
VisualStudioVersion = 17.5.2.0
MinimumVisualStudioVersion = 10.0.40219.1
Project("{FAE04EC0-301F-11D3-BF4B-00C04F79EFBC}") = "BanHang", "BanHang.csproj", "{9C18CD1E-D37D-28A5-F9D7-C5EB2C44D5D7}"
EndProject
Global
	GlobalSection(SolutionConfigurationPlatforms) = preSolution
		Debug|Any CPU = Debug|Any CPU
		Release|Any CPU = Release|Any CPU
	EndGlobalSection
	GlobalSection(ProjectConfigurationPlatforms) = postSolution
		{9C18CD1E-D37D-28A5-F9D7-C5EB2C44D5D7}.Debug|Any CPU.ActiveCfg = Debug|Any CPU
		{9C18CD1E-D37D-28A5-F9D7-C5EB2C44D5D7}.Debug|Any CPU.Build.0 = Debug|Any CPU
		{9C18CD1E-D37D-28A5-F9D7-C5EB2C44D5D7}.Release|Any CPU.ActiveCfg = Release|Any CPU
		{9C18CD1E-D37D-28A5-F9D7-C5EB2C44D5D7}.Release|Any CPU.Build.0 = Release|Any CPU
	EndGlobalSection
	GlobalSection(SolutionProperties) = preSolution
		HideSolutionNode = FALSE
	EndGlobalSection
	GlobalSection(ExtensibilityGlobals) = postSolution
		SolutionGuid = {5FBF11D5-7206-4548-AA24-707F7BA3B91D}
	EndGlobalSection
EndGlobal
